
Microsoft Visual Studio Solution File, Format Version 12.00
# Visual Studio 14
VisualStudioVersion = 14.0.25420.1
MinimumVisualStudioVersion = 10.0.40219.1
Project("{FAE04EC0-301F-11D3-BF4B-00C04F79EFBC}") = "BSRBankWCF", "BSRBankWCF\BSRBankWCF.csproj", "{2ADB507F-52AF-477B-9327-D9F42EB7D723}"
EndProject
Project("{FAE04EC0-301F-11D3-BF4B-00C04F79EFBC}") = "BSRBankWCFTests", "BSRBankWCFTests\BSRBankWCFTests.csproj", "{C57A1E8E-0956-48DF-A3A7-F84E15628DFA}"
EndProject
Global
	GlobalSection(SolutionConfigurationPlatforms) = preSolution
		Debug|Any CPU = Debug|Any CPU
		Release|Any CPU = Release|Any CPU
	EndGlobalSection
	GlobalSection(ProjectConfigurationPlatforms) = postSolution
		{2ADB507F-52AF-477B-9327-D9F42EB7D723}.Debug|Any CPU.ActiveCfg = Debug|Any CPU
		{2ADB507F-52AF-477B-9327-D9F42EB7D723}.Debug|Any CPU.Build.0 = Debug|Any CPU
		{2ADB507F-52AF-477B-9327-D9F42EB7D723}.Release|Any CPU.ActiveCfg = Release|Any CPU
		{2ADB507F-52AF-477B-9327-D9F42EB7D723}.Release|Any CPU.Build.0 = Release|Any CPU
		{C57A1E8E-0956-48DF-A3A7-F84E15628DFA}.Debug|Any CPU.ActiveCfg = Debug|Any CPU
		{C57A1E8E-0956-48DF-A3A7-F84E15628DFA}.Debug|Any CPU.Build.0 = Debug|Any CPU
		{C57A1E8E-0956-48DF-A3A7-F84E15628DFA}.Release|Any CPU.ActiveCfg = Release|Any CPU
		{C57A1E8E-0956-48DF-A3A7-F84E15628DFA}.Release|Any CPU.Build.0 = Release|Any CPU
	EndGlobalSection
	GlobalSection(SolutionProperties) = preSolution
		HideSolutionNode = FALSE
	EndGlobalSection
EndGlobal
